<?xml version="1.0" encoding="utf-8"?>
<Project ToolsVersion="4.0" xmlns="http://schemas.microsoft.com/developer/msbuild/2003">
  <ItemGroup>
    <Filter Include="Resources">
      <UniqueIdentifier>{67DA6AB6-F800-4c08-8B7A-83BB121AAD01}</UniqueIdentifier>
      <Extensions>rc;ico;cur;bmp;dlg;rc2;rct;bin;rgs;gif;jpg;jpeg;jpe;resx;tiff;tif;png;wav;mfcribbon-ms</Extensions>
    </Filter>
    <Filter Include="Source">
      <UniqueIdentifier>{5a850da0-985a-48f0-9ca7-2ad1656dfab8}</UniqueIdentifier>
    </Filter>
    <Filter Include="Source\Public">
      <UniqueIdentifier>{93995380-89BD-4b04-88EB-625FBE52EBFB}</UniqueIdentifier>
      <Extensions>h;hh;hpp;hxx;h++;hm;inl;inc;ipp;xsd</Extensions>
    </Filter>
    <Filter Include="Source\Private">
      <UniqueIdentifier>{4FC737F1-C7A5-4376-A066-2A32D752A2FF}</UniqueIdentifier>
      <Extensions>cpp;c;cc;cxx;c++;cppm;ixx;def;odl;idl;hpj;bat;asm;asmx</Extensions>
    </Filter>
    <Filter Include="Source\pch">
      <UniqueIdentifier>{886187bc-3146-4198-98e5-c1a671b27ef9}</UniqueIdentifier>
    </Filter>
    <Filter Include="Source\Private\Platform">
      <UniqueIdentifier>{a22a3c15-8fe9-4163-b894-5fc02752d8b8}</UniqueIdentifier>
    </Filter>
    <Filter Include="Source\Private\Platform\WIN32">
      <UniqueIdentifier>{cf826b3a-d186-4a4b-9695-316cd63a9299}</UniqueIdentifier>
    </Filter>
    <Filter Include="Source\Public\Platform">
      <UniqueIdentifier>{bbc21335-227f-4a14-bde6-bfca1078fd3c}</UniqueIdentifier>
    </Filter>
    <Filter Include="Source\Public\Platform\WIN32">
      <UniqueIdentifier>{06f3cd7f-6b6f-41c8-8109-f2d77317d976}</UniqueIdentifier>
    </Filter>
  </ItemGroup>
  <ItemGroup>
    <ClCompile Include="Source\OlympusEngine.cpp">
      <Filter>Source\pch</Filter>
    </ClCompile>
    <ClCompile Include="Source\Platform\WIN32\IApplication.cpp">
      <Filter>Source\Private\Platform\WIN32</Filter>
    </ClCompile>
  </ItemGroup>
  <ItemGroup>
    <ClInclude Include="Source\Platform\WIN32\IApplication.h">
      <Filter>Source\Public\Platform\WIN32</Filter>
    </ClInclude>
    <ClInclude Include="Source\Platform\WIN32\WinEntry.h">
      <Filter>Source\Public\Platform\WIN32</Filter>
    </ClInclude>
    <ClInclude Include="Source\OlympusEngine.h">
      <Filter>Source\pch</Filter>
    </ClInclude>
  </ItemGroup>
</Project>